# This file is autogenerated, do not edit; changes may be undone by the next 'dep ensure'.


[[projects]]
  branch = "master"
  name = "github.com/68696c6c/goat"
  packages = ["."]
  revision = "b602c89d5922e80d3b53763ad949e0e9e2dd0373"

[solve-meta]
  analyzer-name = "dep"
  analyzer-version = 1
  inputs-digest = "382ce1f38fb414e209272fb93df7985eefe610a47f91b73d831d0cc6bcbe3114"
  solver-name = "gps-cdcl"
  solver-version = 1
